
Microsoft Visual Studio Solution File, Format Version 12.00
# Visual Studio Version 17
VisualStudioVersion = 17.9.34728.123
MinimumVisualStudioVersion = 10.0.40219.1
Project("{FAE04EC0-301F-11D3-BF4B-00C04F79EFBC}") = "APILayer", "APILayer\APILayer.csproj", "{541BDA9F-92ED-4738-9893-AB7457CE577A}"
EndProject
Global
	GlobalSection(SolutionConfigurationPlatforms) = preSolution
		Debug|Any CPU = Debug|Any CPU
		Release|Any CPU = Release|Any CPU
	EndGlobalSection
	GlobalSection(ProjectConfigurationPlatforms) = postSolution
		{541BDA9F-92ED-4738-9893-AB7457CE577A}.Debug|Any CPU.ActiveCfg = Debug|Any CPU
		{541BDA9F-92ED-4738-9893-AB7457CE577A}.Debug|Any CPU.Build.0 = Debug|Any CPU
		{541BDA9F-92ED-4738-9893-AB7457CE577A}.Release|Any CPU.ActiveCfg = Release|Any CPU
		{541BDA9F-92ED-4738-9893-AB7457CE577A}.Release|Any CPU.Build.0 = Release|Any CPU
	EndGlobalSection
	GlobalSection(SolutionProperties) = preSolution
		HideSolutionNode = FALSE
	EndGlobalSection
	GlobalSection(ExtensibilityGlobals) = postSolution
		SolutionGuid = {C8A39E26-EA18-4137-947B-DD00C83FA2A1}
	EndGlobalSection
EndGlobal
